
Microsoft Visual Studio Solution File, Format Version 12.00
# Visual Studio Version 16
VisualStudioVersion = 16.0.31129.286
MinimumVisualStudioVersion = 10.0.40219.1
Project("{FAE04EC0-301F-11D3-BF4B-00C04F79EFBC}") = "TimeLineView_Backcolor", "TimeLineView_Backcolor\TimeLineView_Backcolor.csproj", "{E332C966-334D-49D7-BDBB-2CA2353CE0E8}"
EndProject
Global
	GlobalSection(SolutionConfigurationPlatforms) = preSolution
		Debug|Any CPU = Debug|Any CPU
		Release|Any CPU = Release|Any CPU
	EndGlobalSection
	GlobalSection(ProjectConfigurationPlatforms) = postSolution
		{E332C966-334D-49D7-BDBB-2CA2353CE0E8}.Debug|Any CPU.ActiveCfg = Debug|Any CPU
		{E332C966-334D-49D7-BDBB-2CA2353CE0E8}.Debug|Any CPU.Build.0 = Debug|Any CPU
		{E332C966-334D-49D7-BDBB-2CA2353CE0E8}.Release|Any CPU.ActiveCfg = Release|Any CPU
		{E332C966-334D-49D7-BDBB-2CA2353CE0E8}.Release|Any CPU.Build.0 = Release|Any CPU
	EndGlobalSection
	GlobalSection(SolutionProperties) = preSolution
		HideSolutionNode = FALSE
	EndGlobalSection
	GlobalSection(ExtensibilityGlobals) = postSolution
		SolutionGuid = {9812266D-4492-4B7D-BD07-A085F52CAEC6}
	EndGlobalSection
EndGlobal
